// !$*UTF8*$!
{
	archiveVersion = 1;
	classes = {
	};
	objectVersion = 51;
	objects = {

/* Begin PBXBuildFile section */
		806CF995C4CF4B1858FB80E0 /* Pods_flixter_flixterUITests.framework in Frameworks */ = {isa = PBXBuildFile; fileRef = B0440A70E6E9EC8A15BC310B /* Pods_flixter_flixterUITests.framework */; };
		A17D775D9ED82207FBD35A5A /* Pods_flixterTests.framework in Frameworks */ = {isa = PBXBuildFile; fileRef = 1F18C471B497308F28B1AADA /* Pods_flixterTests.framework */; };
		A7C31053EE8CEAFAC31FA0A7 /* Pods_flixter.framework in Frameworks */ = {isa = PBXBuildFile; fileRef = FDE37FCF13F2A3DA84B0F9F9 /* Pods_flixter.framework */; };
		C118998925E1D62E00A8CC09 /* API.swift in Sources */ = {isa = PBXBuildFile; fileRef = C118998825E1D62E00A8CC09 /* API.swift */; };
		C179FC2825D76EFB001FCE2C /* GoToMovieViewController.swift in Sources */ = {isa = PBXBuildFile; fileRef = C179FC2725D76EFB001FCE2C /* GoToMovieViewController.swift */; };
		C1C11C5825D7485A00B6B034 /* AppDelegate.swift in Sources */ = {isa = PBXBuildFile; fileRef = C1C11C5725D7485A00B6B034 /* AppDelegate.swift */; };
		C1C11C5A25D7485A00B6B034 /* SceneDelegate.swift in Sources */ = {isa = PBXBuildFile; fileRef = C1C11C5925D7485A00B6B034 /* SceneDelegate.swift */; };
		C1C11C5C25D7485A00B6B034 /* MoviesViewController.swift in Sources */ = {isa = PBXBuildFile; fileRef = C1C11C5B25D7485A00B6B034 /* MoviesViewController.swift */; };
		C1C11C5F25D7485A00B6B034 /* Main.storyboard in Resources */ = {isa = PBXBuildFile; fileRef = C1C11C5D25D7485A00B6B034 /* Main.storyboard */; };
		C1C11C6125D7485A00B6B034 /* Assets.xcassets in Resources */ = {isa = PBXBuildFile; fileRef = C1C11C6025D7485A00B6B034 /* Assets.xcassets */; };
		C1C11C6425D7485A00B6B034 /* LaunchScreen.storyboard in Resources */ = {isa = PBXBuildFile; fileRef = C1C11C6225D7485A00B6B034 /* LaunchScreen.storyboard */; };
		C1C11C6F25D7485A00B6B034 /* flixterTests.swift in Sources */ = {isa = PBXBuildFile; fileRef = C1C11C6E25D7485A00B6B034 /* flixterTests.swift */; };
		C1C11C7A25D7485A00B6B034 /* flixterUITests.swift in Sources */ = {isa = PBXBuildFile; fileRef = C1C11C7925D7485A00B6B034 /* flixterUITests.swift */; };
		C1C11C8E25D7548500B6B034 /* MovieCell.swift in Sources */ = {isa = PBXBuildFile; fileRef = C1C11C8D25D7548500B6B034 /* MovieCell.swift */; };
/* End PBXBuildFile section */

/* Begin PBXContainerItemProxy section */
		C1C11C6B25D7485A00B6B034 /* PBXContainerItemProxy */ = {
			isa = PBXContainerItemProxy;
			containerPortal = C1C11C4C25D7485A00B6B034 /* Project object */;
			proxyType = 1;
			remoteGlobalIDString = C1C11C5325D7485A00B6B034;
			remoteInfo = flixter;
		};
		C1C11C7625D7485A00B6B034 /* PBXContainerItemProxy */ = {
			isa = PBXContainerItemProxy;
			containerPortal = C1C11C4C25D7485A00B6B034 /* Project object */;
			proxyType = 1;
			remoteGlobalIDString = C1C11C5325D7485A00B6B034;
			remoteInfo = flixter;
		};
/* End PBXContainerItemProxy section */

/* Begin PBXFileReference section */
		1F18C471B497308F28B1AADA /* Pods_flixterTests.framework */ = {isa = PBXFileReference; explicitFileType = wrapper.framework; includeInIndex = 0; path = Pods_flixterTests.framework; sourceTree = BUILT_PRODUCTS_DIR; };
		30D94FAB37CA5327EF275FC2 /* Pods-flixter.release.xcconfig */ = {isa = PBXFileReference; includeInIndex = 1; lastKnownFileType = text.xcconfig; name = "Pods-flixter.release.xcconfig"; path = "Target Support Files/Pods-flixter/Pods-flixter.release.xcconfig"; sourceTree = "<group>"; };
		7988EE50A22C5932271751A4 /* Pods-flixter-flixterUITests.debug.xcconfig */ = {isa = PBXFileReference; includeInIndex = 1; lastKnownFileType = text.xcconfig; name = "Pods-flixter-flixterUITests.debug.xcconfig"; path = "Target Support Files/Pods-flixter-flixterUITests/Pods-flixter-flixterUITests.debug.xcconfig"; sourceTree = "<group>"; };
		842549C78DBE3077539ADC3A /* Pods-flixter.debug.xcconfig */ = {isa = PBXFileReference; includeInIndex = 1; lastKnownFileType = text.xcconfig; name = "Pods-flixter.debug.xcconfig"; path = "Target Support Files/Pods-flixter/Pods-flixter.debug.xcconfig"; sourceTree = "<group>"; };
		8EB46FEA1111FB774117DCF2 /* Pods-flixterTests.debug.xcconfig */ = {isa = PBXFileReference; includeInIndex = 1; lastKnownFileType = text.xcconfig; name = "Pods-flixterTests.debug.xcconfig"; path = "Target Support Files/Pods-flixterTests/Pods-flixterTests.debug.xcconfig"; sourceTree = "<group>"; };
		B0440A70E6E9EC8A15BC310B /* Pods_flixter_flixterUITests.framework */ = {isa = PBXFileReference; explicitFileType = wrapper.framework; includeInIndex = 0; path = Pods_flixter_flixterUITests.framework; sourceTree = BUILT_PRODUCTS_DIR; };
		B3B05BAE7134F9D060F4BB47 /* Pods-flixter-flixterUITests.release.xcconfig */ = {isa = PBXFileReference; includeInIndex = 1; lastKnownFileType = text.xcconfig; name = "Pods-flixter-flixterUITests.release.xcconfig"; path = "Target Support Files/Pods-flixter-flixterUITests/Pods-flixter-flixterUITests.release.xcconfig"; sourceTree = "<group>"; };
		C118998825E1D62E00A8CC09 /* API.swift */ = {isa = PBXFileReference; lastKnownFileType = sourcecode.swift; path = API.swift; sourceTree = "<group>"; };
		C179FC2725D76EFB001FCE2C /* GoToMovieViewController.swift */ = {isa = PBXFileReference; lastKnownFileType = sourcecode.swift; path = GoToMovieViewController.swift; sourceTree = "<group>"; };
		C1C11C5425D7485A00B6B034 /* flixter.app */ = {isa = PBXFileReference; explicitFileType = wrapper.application; includeInIndex = 0; path = flixter.app; sourceTree = BUILT_PRODUCTS_DIR; };
		C1C11C5725D7485A00B6B034 /* AppDelegate.swift */ = {isa = PBXFileReference; lastKnownFileType = sourcecode.swift; path = AppDelegate.swift; sourceTree = "<group>"; };
		C1C11C5925D7485A00B6B034 /* SceneDelegate.swift */ = {isa = PBXFileReference; lastKnownFileType = sourcecode.swift; path = SceneDelegate.swift; sourceTree = "<group>"; };
		C1C11C5B25D7485A00B6B034 /* MoviesViewController.swift */ = {isa = PBXFileReference; lastKnownFileType = sourcecode.swift; path = MoviesViewController.swift; sourceTree = "<group>"; };
		C1C11C5E25D7485A00B6B034 /* Base */ = {isa = PBXFileReference; lastKnownFileType = file.storyboard; name = Base; path = Base.lproj/Main.storyboard; sourceTree = "<group>"; };
		C1C11C6025D7485A00B6B034 /* Assets.xcassets */ = {isa = PBXFileReference; lastKnownFileType = folder.assetcatalog; path = Assets.xcassets; sourceTree = "<group>"; };
		C1C11C6325D7485A00B6B034 /* Base */ = {isa = PBXFileReference; lastKnownFileType = file.storyboard; name = Base; path = Base.lproj/LaunchScreen.storyboard; sourceTree = "<group>"; };
		C1C11C6525D7485A00B6B034 /* Info.plist */ = {isa = PBXFileReference; lastKnownFileType = text.plist.xml; path = Info.plist; sourceTree = "<group>"; };
		C1C11C6A25D7485A00B6B034 /* flixterTests.xctest */ = {isa = PBXFileReference; explicitFileType = wrapper.cfbundle; includeInIndex = 0; path = flixterTests.xctest; sourceTree = BUILT_PRODUCTS_DIR; };
		C1C11C6E25D7485A00B6B034 /* flixterTests.swift */ = {isa = PBXFileReference; lastKnownFileType = sourcecode.swift; path = flixterTests.swift; sourceTree = "<group>"; };
		C1C11C7025D7485A00B6B034 /* Info.plist */ = {isa = PBXFileReference; lastKnownFileType = text.plist.xml; path = Info.plist; sourceTree = "<group>"; };
		C1C11C7525D7485A00B6B034 /* flixterUITests.xctest */ = {isa = PBXFileReference; explicitFileType = wrapper.cfbundle; includeInIndex = 0; path = flixterUITests.xctest; sourceTree = BUILT_PRODUCTS_DIR; };
		C1C11C7925D7485A00B6B034 /* flixterUITests.swift */ = {isa = PBXFileReference; lastKnownFileType = sourcecode.swift; path = flixterUITests.swift; sourceTree = "<group>"; };
		C1C11C7B25D7485A00B6B034 /* Info.plist */ = {isa = PBXFileReference; lastKnownFileType = text.plist.xml; path = Info.plist; sourceTree = "<group>"; };
		C1C11C8D25D7548500B6B034 /* MovieCell.swift */ = {isa = PBXFileReference; lastKnownFileType = sourcecode.swift; path = MovieCell.swift; sourceTree = "<group>"; };
		FDBE7AF4A5FDD03DA7873A65 /* Pods-flixterTests.release.xcconfig */ = {isa = PBXFileReference; includeInIndex = 1; lastKnownFileType = text.xcconfig; name = "Pods-flixterTests.release.xcconfig"; path = "Target Support Files/Pods-flixterTests/Pods-flixterTests.release.xcconfig"; sourceTree = "<group>"; };
		FDE37FCF13F2A3DA84B0F9F9 /* Pods_flixter.framework */ = {isa = PBXFileReference; explicitFileType = wrapper.framework; includeInIndex = 0; path = Pods_flixter.framework; sourceTree = BUILT_PRODUCTS_DIR; };
/* End PBXFileReference section */

/* Begin PBXFrameworksBuildPhase section */
		C1C11C5125D7485A00B6B034 /* Frameworks */ = {
			isa = PBXFrameworksBuildPhase;
			buildActionMask = 2147483647;
			files = (
				A7C31053EE8CEAFAC31FA0A7 /* Pods_flixter.framework in Frameworks */,
			);
			runOnlyForDeploymentPostprocessing = 0;
		};
		C1C11C6725D7485A00B6B034 /* Frameworks */ = {
			isa = PBXFrameworksBuildPhase;
			buildActionMask = 2147483647;
			files = (
				A17D775D9ED82207FBD35A5A /* Pods_flixterTests.framework in Frameworks */,
			);
			runOnlyForDeploymentPostprocessing = 0;
		};
		C1C11C7225D7485A00B6B034 /* Frameworks */ = {
			isa = PBXFrameworksBuildPhase;
			buildActionMask = 2147483647;
			files = (
				806CF995C4CF4B1858FB80E0 /* Pods_flixter_flixterUITests.framework in Frameworks */,
			);
			runOnlyForDeploymentPostprocessing = 0;
		};
/* End PBXFrameworksBuildPhase section */

/* Begin PBXGroup section */
		06026E055D464338C6A7A10B /* Pods */ = {
			isa = PBXGroup;
			children = (
				842549C78DBE3077539ADC3A /* Pods-flixter.debug.xcconfig */,
				30D94FAB37CA5327EF275FC2 /* Pods-flixter.release.xcconfig */,
				7988EE50A22C5932271751A4 /* Pods-flixter-flixterUITests.debug.xcconfig */,
				B3B05BAE7134F9D060F4BB47 /* Pods-flixter-flixterUITests.release.xcconfig */,
				8EB46FEA1111FB774117DCF2 /* Pods-flixterTests.debug.xcconfig */,
				FDBE7AF4A5FDD03DA7873A65 /* Pods-flixterTests.release.xcconfig */,
			);
			path = Pods;
			sourceTree = "<group>";
		};
		87B3A99B043D1EC9FED8D81F /* Frameworks */ = {
			isa = PBXGroup;
			children = (
				FDE37FCF13F2A3DA84B0F9F9 /* Pods_flixter.framework */,
				B0440A70E6E9EC8A15BC310B /* Pods_flixter_flixterUITests.framework */,
				1F18C471B497308F28B1AADA /* Pods_flixterTests.framework */,
			);
			name = Frameworks;
			sourceTree = "<group>";
		};
		C10A0C8E25D8C7870064DD0E /* Controller */ = {
			isa = PBXGroup;
			children = (
				C179FC2725D76EFB001FCE2C /* GoToMovieViewController.swift */,
				C1C11C5B25D7485A00B6B034 /* MoviesViewController.swift */,
			);
			path = Controller;
			sourceTree = "<group>";
		};
		C10A0C9225D8C78F0064DD0E /* View */ = {
			isa = PBXGroup;
			children = (
				C1C11C6225D7485A00B6B034 /* LaunchScreen.storyboard */,
				C1C11C5D25D7485A00B6B034 /* Main.storyboard */,
			);
			path = View;
			sourceTree = "<group>";
		};
		C10A0C9325D8C7930064DD0E /* Model */ = {
			isa = PBXGroup;
			children = (
				C1C11C8D25D7548500B6B034 /* MovieCell.swift */,
			);
			path = Model;
			sourceTree = "<group>";
		};
		C118998725E1D61E00A8CC09 /* Networking */ = {
			isa = PBXGroup;
			children = (
				C118998825E1D62E00A8CC09 /* API.swift */,
			);
			path = Networking;
			sourceTree = "<group>";
		};
		C1C11C4B25D7485A00B6B034 = {
			isa = PBXGroup;
			children = (
				C1C11C5625D7485A00B6B034 /* flixter */,
				C1C11C6D25D7485A00B6B034 /* flixterTests */,
				C1C11C7825D7485A00B6B034 /* flixterUITests */,
				C1C11C5525D7485A00B6B034 /* Products */,
				06026E055D464338C6A7A10B /* Pods */,
				87B3A99B043D1EC9FED8D81F /* Frameworks */,
			);
			sourceTree = "<group>";
		};
		C1C11C5525D7485A00B6B034 /* Products */ = {
			isa = PBXGroup;
			children = (
				C1C11C5425D7485A00B6B034 /* flixter.app */,
				C1C11C6A25D7485A00B6B034 /* flixterTests.xctest */,
				C1C11C7525D7485A00B6B034 /* flixterUITests.xctest */,
			);
			name = Products;
			sourceTree = "<group>";
		};
		C1C11C5625D7485A00B6B034 /* flixter */ = {
			isa = PBXGroup;
			children = (
				C118998725E1D61E00A8CC09 /* Networking */,
				C10A0C9325D8C7930064DD0E /* Model */,
				C10A0C9225D8C78F0064DD0E /* View */,
				C10A0C8E25D8C7870064DD0E /* Controller */,
				C1C11C5725D7485A00B6B034 /* AppDelegate.swift */,
				C1C11C5925D7485A00B6B034 /* SceneDelegate.swift */,
				C1C11C6025D7485A00B6B034 /* Assets.xcassets */,
				C1C11C6525D7485A00B6B034 /* Info.plist */,
			);
			path = flixter;
			sourceTree = "<group>";
		};
		C1C11C6D25D7485A00B6B034 /* flixterTests */ = {
			isa = PBXGroup;
			children = (
				C1C11C6E25D7485A00B6B034 /* flixterTests.swift */,
				C1C11C7025D7485A00B6B034 /* Info.plist */,
			);
			path = flixterTests;
			sourceTree = "<group>";
		};
		C1C11C7825D7485A00B6B034 /* flixterUITests */ = {
			isa = PBXGroup;
			children = (
				C1C11C7925D7485A00B6B034 /* flixterUITests.swift */,
				C1C11C7B25D7485A00B6B034 /* Info.plist */,
			);
			path = flixterUITests;
			sourceTree = "<group>";
		};
/* End PBXGroup section */

/* Begin PBXNativeTarget section */
		C1C11C5325D7485A00B6B034 /* flixter */ = {
			isa = PBXNativeTarget;
			buildConfigurationList = C1C11C7E25D7485A00B6B034 /* Build configuration list for PBXNativeTarget "flixter" */;
			buildPhases = (
				C23C8877E9FE341ED1A5E1B2 /* [CP] Check Pods Manifest.lock */,
				C1C11C5025D7485A00B6B034 /* Sources */,
				C1C11C5125D7485A00B6B034 /* Frameworks */,
				C1C11C5225D7485A00B6B034 /* Resources */,
				5577A0548E7BE5F90C5ECE97 /* [CP] Embed Pods Frameworks */,
			);
			buildRules = (
			);
			dependencies = (
			);
			name = flixter;
			productName = flixter;
			productReference = C1C11C5425D7485A00B6B034 /* flixter.app */;
			productType = "com.apple.product-type.application";
		};
		C1C11C6925D7485A00B6B034 /* flixterTests */ = {
			isa = PBXNativeTarget;
			buildConfigurationList = C1C11C8125D7485A00B6B034 /* Build configuration list for PBXNativeTarget "flixterTests" */;
			buildPhases = (
				E88315EE22CD5E1A3E1881B7 /* [CP] Check Pods Manifest.lock */,
				C1C11C6625D7485A00B6B034 /* Sources */,
				C1C11C6725D7485A00B6B034 /* Frameworks */,
				C1C11C6825D7485A00B6B034 /* Resources */,
			);
			buildRules = (
			);
			dependencies = (
				C1C11C6C25D7485A00B6B034 /* PBXTargetDependency */,
			);
			name = flixterTests;
			productName = flixterTests;
			productReference = C1C11C6A25D7485A00B6B034 /* flixterTests.xctest */;
			productType = "com.apple.product-type.bundle.unit-test";
		};
		C1C11C7425D7485A00B6B034 /* flixterUITests */ = {
			isa = PBXNativeTarget;
			buildConfigurationList = C1C11C8425D7485A00B6B034 /* Build configuration list for PBXNativeTarget "flixterUITests" */;
			buildPhases = (
				2FD7487D17E83A19538FFBC2 /* [CP] Check Pods Manifest.lock */,
				C1C11C7125D7485A00B6B034 /* Sources */,
				C1C11C7225D7485A00B6B034 /* Frameworks */,
				C1C11C7325D7485A00B6B034 /* Resources */,
				76652A4F1595B27138894DD3 /* [CP] Embed Pods Frameworks */,
			);
			buildRules = (
			);
			dependencies = (
				C1C11C7725D7485A00B6B034 /* PBXTargetDependency */,
			);
			name = flixterUITests;
			productName = flixterUITests;
			productReference = C1C11C7525D7485A00B6B034 /* flixterUITests.xctest */;
			productType = "com.apple.product-type.bundle.ui-testing";
		};
/* End PBXNativeTarget section */

/* Begin PBXProject section */
		C1C11C4C25D7485A00B6B034 /* Project object */ = {
			isa = PBXProject;
			attributes = {
				LastSwiftUpdateCheck = 1240;
				LastUpgradeCheck = 1240;
				TargetAttributes = {
					C1C11C5325D7485A00B6B034 = {
						CreatedOnToolsVersion = 12.4;
					};
					C1C11C6925D7485A00B6B034 = {
						CreatedOnToolsVersion = 12.4;
						TestTargetID = C1C11C5325D7485A00B6B034;
					};
					C1C11C7425D7485A00B6B034 = {
						CreatedOnToolsVersion = 12.4;
						TestTargetID = C1C11C5325D7485A00B6B034;
					};
				};
			};
			buildConfigurationList = C1C11C4F25D7485A00B6B034 /* Build configuration list for PBXProject "flixter" */;
			compatibilityVersion = "Xcode 9.3";
			developmentRegion = en;
			hasScannedForEncodings = 0;
			knownRegions = (
				en,
				Base,
			);
			mainGroup = C1C11C4B25D7485A00B6B034;
			productRefGroup = C1C11C5525D7485A00B6B034 /* Products */;
			projectDirPath = "";
			projectRoot = "";
			targets = (
				C1C11C5325D7485A00B6B034 /* flixter */,
				C1C11C6925D7485A00B6B034 /* flixterTests */,
				C1C11C7425D7485A00B6B034 /* flixterUITests */,
			);
		};
/* End PBXProject section */

/* Begin PBXResourcesBuildPhase section */
		C1C11C5225D7485A00B6B034 /* Resources */ = {
			isa = PBXResourcesBuildPhase;
			buildActionMask = 2147483647;
			files = (
				C1C11C6425D7485A00B6B034 /* LaunchScreen.storyboard in Resources */,
				C1C11C6125D7485A00B6B034 /* Assets.xcassets in Resources */,
				C1C11C5F25D7485A00B6B034 /* Main.storyboard in Resources */,
			);
			runOnlyForDeploymentPostprocessing = 0;
		};
		C1C11C6825D7485A00B6B034 /* Resources */ = {
			isa = PBXResourcesBuildPhase;
			buildActionMask = 2147483647;
			files = (
			);
			runOnlyForDeploymentPostprocessing = 0;
		};
		C1C11C7325D7485A00B6B034 /* Resources */ = {
			isa = PBXResourcesBuildPhase;
			buildActionMask = 2147483647;
			files = (
			);
			runOnlyForDeploymentPostprocessing = 0;
		};
/* End PBXResourcesBuildPhase section */

/* Begin PBXShellScriptBuildPhase section */
		2FD7487D17E83A19538FFBC2 /* [CP] Check Pods Manifest.lock */ = {
			isa = PBXShellScriptBuildPhase;
			buildActionMask = 2147483647;
			files = (
			);
			inputFileListPaths = (
			);
			inputPaths = (
				"${PODS_PODFILE_DIR_PATH}/Podfile.lock",
				"${PODS_ROOT}/Manifest.lock",
			);
			name = "[CP] Check Pods Manifest.lock";
			outputFileListPaths = (
			);
			outputPaths = (
				"$(DERIVED_FILE_DIR)/Pods-flixter-flixterUITests-checkManifestLockResult.txt",
			);
			runOnlyForDeploymentPostprocessing = 0;
			shellPath = /bin/sh;
			shellScript = "diff \"${PODS_PODFILE_DIR_PATH}/Podfile.lock\" \"${PODS_ROOT}/Manifest.lock\" > /dev/null\nif [ $? != 0 ] ; then\n    # print error to STDERR\n    echo \"error: The sandbox is not in sync with the Podfile.lock. Run 'pod install' or update your CocoaPods installation.\" >&2\n    exit 1\nfi\n# This output is used by Xcode 'outputs' to avoid re-running this script phase.\necho \"SUCCESS\" > \"${SCRIPT_OUTPUT_FILE_0}\"\n";
			showEnvVarsInLog = 0;
		};
		5577A0548E7BE5F90C5ECE97 /* [CP] Embed Pods Frameworks */ = {
			isa = PBXShellScriptBuildPhase;
			buildActionMask = 2147483647;
			files = (
			);
			inputFileListPaths = (
				"${PODS_ROOT}/Target Support Files/Pods-flixter/Pods-flixter-frameworks-${CONFIGURATION}-input-files.xcfilelist",
			);
			name = "[CP] Embed Pods Frameworks";
			outputFileListPaths = (
				"${PODS_ROOT}/Target Support Files/Pods-flixter/Pods-flixter-frameworks-${CONFIGURATION}-output-files.xcfilelist",
			);
			runOnlyForDeploymentPostprocessing = 0;
			shellPath = /bin/sh;
			shellScript = "\"${PODS_ROOT}/Target Support Files/Pods-flixter/Pods-flixter-frameworks.sh\"\n";
			showEnvVarsInLog = 0;
		};
		76652A4F1595B27138894DD3 /* [CP] Embed Pods Frameworks */ = {
			isa = PBXShellScriptBuildPhase;
			buildActionMask = 2147483647;
			files = (
			);
			inputFileListPaths = (
				"${PODS_ROOT}/Target Support Files/Pods-flixter-flixterUITests/Pods-flixter-flixterUITests-frameworks-${CONFIGURATION}-input-files.xcfilelist",
			);
			name = "[CP] Embed Pods Frameworks";
			outputFileListPaths = (
				"${PODS_ROOT}/Target Support Files/Pods-flixter-flixterUITests/Pods-flixter-flixterUITests-frameworks-${CONFIGURATION}-output-files.xcfilelist",
			);
			runOnlyForDeploymentPostprocessing = 0;
			shellPath = /bin/sh;
			shellScript = "\"${PODS_ROOT}/Target Support Files/Pods-flixter-flixterUITests/Pods-flixter-flixterUITests-frameworks.sh\"\n";
			showEnvVarsInLog = 0;
		};
		C23C8877E9FE341ED1A5E1B2 /* [CP] Check Pods Manifest.lock */ = {
			isa = PBXShellScriptBuildPhase;
			buildActionMask = 2147483647;
			files = (
			);
			inputFileListPaths = (
			);
			inputPaths = (
				"${PODS_PODFILE_DIR_PATH}/Podfile.lock",
				"${PODS_ROOT}/Manifest.lock",
			);
			name = "[CP] Check Pods Manifest.lock";
			outputFileListPaths = (
			);
			outputPaths = (
				"$(DERIVED_FILE_DIR)/Pods-flixter-checkManifestLockResult.txt",
			);
			runOnlyForDeploymentPostprocessing = 0;
			shellPath = /bin/sh;
			shellScript = "diff \"${PODS_PODFILE_DIR_PATH}/Podfile.lock\" \"${PODS_ROOT}/Manifest.lock\" > /dev/null\nif [ $? != 0 ] ; then\n    # print error to STDERR\n    echo \"error: The sandbox is not in sync with the Podfile.lock. Run 'pod install' or update your CocoaPods installation.\" >&2\n    exit 1\nfi\n# This output is used by Xcode 'outputs' to avoid re-running this script phase.\necho \"SUCCESS\" > \"${SCRIPT_OUTPUT_FILE_0}\"\n";
			showEnvVarsInLog = 0;
		};
		E88315EE22CD5E1A3E1881B7 /* [CP] Check Pods Manifest.lock */ = {
			isa = PBXShellScriptBuildPhase;
			buildActionMask = 2147483647;
			files = (
			);
			inputFileListPaths = (
			);
			inputPaths = (
				"${PODS_PODFILE_DIR_PATH}/Podfile.lock",
				"${PODS_ROOT}/Manifest.lock",
			);
			name = "[CP] Check Pods Manifest.lock";
			outputFileListPaths = (
			);
			outputPaths = (
				"$(DERIVED_FILE_DIR)/Pods-flixterTests-checkManifestLockResult.txt",
			);
			runOnlyForDeploymentPostprocessing = 0;
			shellPath = /bin/sh;
			shellScript = "diff \"${PODS_PODFILE_DIR_PATH}/Podfile.lock\" \"${PODS_ROOT}/Manifest.lock\" > /dev/null\nif [ $? != 0 ] ; then\n    # print error to STDERR\n    echo \"error: The sandbox is not in sync with the Podfile.lock. Run 'pod install' or update your CocoaPods installation.\" >&2\n    exit 1\nfi\n# This output is used by Xcode 'outputs' to avoid re-running this script phase.\necho \"SUCCESS\" > \"${SCRIPT_OUTPUT_FILE_0}\"\n";
			showEnvVarsInLog = 0;
		};
/* End PBXShellScriptBuildPhase section */

/* Begin PBXSourcesBuildPhase section */
		C1C11C5025D7485A00B6B034 /* Sources */ = {
			isa = PBXSourcesBuildPhase;
			buildActionMask = 2147483647;
			files = (
				C179FC2825D76EFB001FCE2C /* GoToMovieViewController.swift in Sources */,
				C1C11C5C25D7485A00B6B034 /* MoviesViewController.swift in Sources */,
				C1C11C5825D7485A00B6B034 /* AppDelegate.swift in Sources */,
				C1C11C8E25D7548500B6B034 /* MovieCell.swift in Sources */,
				C118998925E1D62E00A8CC09 /* API.swift in Sources */,
				C1C11C5A25D7485A00B6B034 /* SceneDelegate.swift in Sources */,
			);
			runOnlyForDeploymentPostprocessing = 0;
		};
		C1C11C6625D7485A00B6B034 /* Sources */ = {
			isa = PBXSourcesBuildPhase;
			buildActionMask = 2147483647;
			files = (
				C1C11C6F25D7485A00B6B034 /* flixterTests.swift in Sources */,
			);
			runOnlyForDeploymentPostprocessing = 0;
		};
		C1C11C7125D7485A00B6B034 /* Sources */ = {
			isa = PBXSourcesBuildPhase;
			buildActionMask = 2147483647;
			files = (
				C1C11C7A25D7485A00B6B034 /* flixterUITests.swift in Sources */,
			);
			runOnlyForDeploymentPostprocessing = 0;
		};
/* End PBXSourcesBuildPhase section */

/* Begin PBXTargetDependency section */
		C1C11C6C25D7485A00B6B034 /* PBXTargetDependency */ = {
			isa = PBXTargetDependency;
			target = C1C11C5325D7485A00B6B034 /* flixter */;
			targetProxy = C1C11C6B25D7485A00B6B034 /* PBXContainerItemProxy */;
		};
		C1C11C7725D7485A00B6B034 /* PBXTargetDependency */ = {
			isa = PBXTargetDependency;
			target = C1C11C5325D7485A00B6B034 /* flixter */;
			targetProxy = C1C11C7625D7485A00B6B034 /* PBXContainerItemProxy */;
		};
/* End PBXTargetDependency section */

/* Begin PBXVariantGroup section */
		C1C11C5D25D7485A00B6B034 /* Main.storyboard */ = {
			isa = PBXVariantGroup;
			children = (
				C1C11C5E25D7485A00B6B034 /* Base */,
			);
			name = Main.storyboard;
			sourceTree = "<group>";
		};
		C1C11C6225D7485A00B6B034 /* LaunchScreen.storyboard */ = {
			isa = PBXVariantGroup;
			children = (
				C1C11C6325D7485A00B6B034 /* Base */,
			);
			name = LaunchScreen.storyboard;
			sourceTree = "<group>";
		};
/* End PBXVariantGroup section */

/* Begin XCBuildConfiguration section */
		C1C11C7C25D7485A00B6B034 /* Debug */ = {
			isa = XCBuildConfiguration;
			buildSettings = {
				ALWAYS_SEARCH_USER_PATHS = NO;
				CLANG_ANALYZER_NONNULL = YES;
				CLANG_ANALYZER_NUMBER_OBJECT_CONVERSION = YES_AGGRESSIVE;
				CLANG_CXX_LANGUAGE_STANDARD = "gnu++14";
				CLANG_CXX_LIBRARY = "libc++";
				CLANG_ENABLE_MODULES = YES;
				CLANG_ENABLE_OBJC_ARC = YES;
				CLANG_ENABLE_OBJC_WEAK = YES;
				CLANG_WARN_BLOCK_CAPTURE_AUTORELEASING = YES;
				CLANG_WARN_BOOL_CONVERSION = YES;
				CLANG_WARN_COMMA = YES;
				CLANG_WARN_CONSTANT_CONVERSION = YES;
				CLANG_WARN_DEPRECATED_OBJC_IMPLEMENTATIONS = YES;
				CLANG_WARN_DIRECT_OBJC_ISA_USAGE = YES_ERROR;
				CLANG_WARN_DOCUMENTATION_COMMENTS = YES;
				CLANG_WARN_EMPTY_BODY = YES;
				CLANG_WARN_ENUM_CONVERSION = YES;
				CLANG_WARN_INFINITE_RECURSION = YES;
				CLANG_WARN_INT_CONVERSION = YES;
				CLANG_WARN_NON_LITERAL_NULL_CONVERSION = YES;
				CLANG_WARN_OBJC_IMPLICIT_RETAIN_SELF = YES;
				CLANG_WARN_OBJC_LITERAL_CONVERSION = YES;
				CLANG_WARN_OBJC_ROOT_CLASS = YES_ERROR;
				CLANG_WARN_QUOTED_INCLUDE_IN_FRAMEWORK_HEADER = YES;
				CLANG_WARN_RANGE_LOOP_ANALYSIS = YES;
				CLANG_WARN_STRICT_PROTOTYPES = YES;
				CLANG_WARN_SUSPICIOUS_MOVE = YES;
				CLANG_WARN_UNGUARDED_AVAILABILITY = YES_AGGRESSIVE;
				CLANG_WARN_UNREACHABLE_CODE = YES;
				CLANG_WARN__DUPLICATE_METHOD_MATCH = YES;
				COPY_PHASE_STRIP = NO;
				DEBUG_INFORMATION_FORMAT = dwarf;
				ENABLE_STRICT_OBJC_MSGSEND = YES;
				ENABLE_TESTABILITY = YES;
				GCC_C_LANGUAGE_STANDARD = gnu11;
				GCC_DYNAMIC_NO_PIC = NO;
				GCC_NO_COMMON_BLOCKS = YES;
				GCC_OPTIMIZATION_LEVEL = 0;
				GCC_PREPROCESSOR_DEFINITIONS = (
					"DEBUG=1",
					"$(inherited)",
				);
				GCC_WARN_64_TO_32_BIT_CONVERSION = YES;
				GCC_WARN_ABOUT_RETURN_TYPE = YES_ERROR;
				GCC_WARN_UNDECLARED_SELECTOR = YES;
				GCC_WARN_UNINITIALIZED_AUTOS = YES_AGGRESSIVE;
				GCC_WARN_UNUSED_FUNCTION = YES;
				GCC_WARN_UNUSED_VARIABLE = YES;
				IPHONEOS_DEPLOYMENT_TARGET = 14.4;
				MTL_ENABLE_DEBUG_INFO = INCLUDE_SOURCE;
				MTL_FAST_MATH = YES;
				ONLY_ACTIVE_ARCH = YES;
				SDKROOT = iphoneos;
				SWIFT_ACTIVE_COMPILATION_CONDITIONS = DEBUG;
				SWIFT_OPTIMIZATION_LEVEL = "-Onone";
			};
			name = Debug;
		};
		C1C11C7D25D7485A00B6B034 /* Release */ = {
			isa = XCBuildConfiguration;
			buildSettings = {
				ALWAYS_SEARCH_USER_PATHS = NO;
				CLANG_ANALYZER_NONNULL = YES;
				CLANG_ANALYZER_NUMBER_OBJECT_CONVERSION = YES_AGGRESSIVE;
				CLANG_CXX_LANGUAGE_STANDARD = "gnu++14";
				CLANG_CXX_LIBRARY = "libc++";
				CLANG_ENABLE_MODULES = YES;
				CLANG_ENABLE_OBJC_ARC = YES;
				CLANG_ENABLE_OBJC_WEAK = YES;
				CLANG_WARN_BLOCK_CAPTURE_AUTORELEASING = YES;
				CLANG_WARN_BOOL_CONVERSION = YES;
				CLANG_WARN_COMMA = YES;
				CLANG_WARN_CONSTANT_CONVERSION = YES;
				CLANG_WARN_DEPRECATED_OBJC_IMPLEMENTATIONS = YES;
				CLANG_WARN_DIRECT_OBJC_ISA_USAGE = YES_ERROR;
				CLANG_WARN_DOCUMENTATION_COMMENTS = YES;
				CLANG_WARN_EMPTY_BODY = YES;
				CLANG_WARN_ENUM_CONVERSION = YES;
				CLANG_WARN_INFINITE_RECURSION = YES;
				CLANG_WARN_INT_CONVERSION = YES;
				CLANG_WARN_NON_LITERAL_NULL_CONVERSION = YES;
				CLANG_WARN_OBJC_IMPLICIT_RETAIN_SELF = YES;
				CLANG_WARN_OBJC_LITERAL_CONVERSION = YES;
				CLANG_WARN_OBJC_ROOT_CLASS = YES_ERROR;
				CLANG_WARN_QUOTED_INCLUDE_IN_FRAMEWORK_HEADER = YES;
				CLANG_WARN_RANGE_LOOP_ANALYSIS = YES;
				CLANG_WARN_STRICT_PROTOTYPES = YES;
				CLANG_WARN_SUSPICIOUS_MOVE = YES;
				CLANG_WARN_UNGUARDED_AVAILABILITY = YES_AGGRESSIVE;
				CLANG_WARN_UNREACHABLE_CODE = YES;
				CLANG_WARN__DUPLICATE_METHOD_MATCH = YES;
				COPY_PHASE_STRIP = NO;
				DEBUG_INFORMATION_FORMAT = "dwarf-with-dsym";
				ENABLE_NS_ASSERTIONS = NO;
				ENABLE_STRICT_OBJC_MSGSEND = YES;
				GCC_C_LANGUAGE_STANDARD = gnu11;
				GCC_NO_COMMON_BLOCKS = YES;
				GCC_WARN_64_TO_32_BIT_CONVERSION = YES;
				GCC_WARN_ABOUT_RETURN_TYPE = YES_ERROR;
				GCC_WARN_UNDECLARED_SELECTOR = YES;
				GCC_WARN_UNINITIALIZED_AUTOS = YES_AGGRESSIVE;
				GCC_WARN_UNUSED_FUNCTION = YES;
				GCC_WARN_UNUSED_VARIABLE = YES;
				IPHONEOS_DEPLOYMENT_TARGET = 14.4;
				MTL_ENABLE_DEBUG_INFO = NO;
				MTL_FAST_MATH = YES;
				SDKROOT = iphoneos;
				SWIFT_COMPILATION_MODE = wholemodule;
				SWIFT_OPTIMIZATION_LEVEL = "-O";
				VALIDATE_PRODUCT = YES;
			};
			name = Release;
		};
		C1C11C7F25D7485A00B6B034 /* Debug */ = {
			isa = XCBuildConfiguration;
			baseConfigurationReference = 842549C78DBE3077539ADC3A /* Pods-flixter.debug.xcconfig */;
			buildSettings = {
				ASSETCATALOG_COMPILER_APPICON_NAME = AppIcon;
				ASSETCATALOG_COMPILER_GLOBAL_ACCENT_COLOR_NAME = AccentColor;
				CODE_SIGN_STYLE = Automatic;
				DEVELOPMENT_TEAM = M2J62ZG4LT;
				INFOPLIST_FILE = flixter/Info.plist;
				LD_RUNPATH_SEARCH_PATHS = (
					"$(inherited)",
					"@executable_path/Frameworks",
				);
				PRODUCT_BUNDLE_IDENTIFIER = dev.chrimena.flixter;
				PRODUCT_NAME = "$(TARGET_NAME)";
				SWIFT_VERSION = 5.0;
				TARGETED_DEVICE_FAMILY = "1,2";
			};
			name = Debug;
		};
		C1C11C8025D7485A00B6B034 /* Release */ = {
			isa = XCBuildConfiguration;
			baseConfigurationReference = 30D94FAB37CA5327EF275FC2 /* Pods-flixter.release.xcconfig */;
			buildSettings = {
				ASSETCATALOG_COMPILER_APPICON_NAME = AppIcon;
				ASSETCATALOG_COMPILER_GLOBAL_ACCENT_COLOR_NAME = AccentColor;
				CODE_SIGN_STYLE = Automatic;
				DEVELOPMENT_TEAM = M2J62ZG4LT;
				INFOPLIST_FILE = flixter/Info.plist;
				LD_RUNPATH_SEARCH_PATHS = (
					"$(inherited)",
					"@executable_path/Frameworks",
				);
				PRODUCT_BUNDLE_IDENTIFIER = dev.chrimena.flixter;
				PRODUCT_NAME = "$(TARGET_NAME)";
				SWIFT_VERSION = 5.0;
				TARGETED_DEVICE_FAMILY = "1,2";
			};
			name = Release;
		};
		C1C11C8225D7485A00B6B034 /* Debug */ = {
			isa = XCBuildConfiguration;
			baseConfigurationReference = 8EB46FEA1111FB774117DCF2 /* Pods-flixterTests.debug.xcconfig */;
			buildSettings = {
				ALWAYS_EMBED_SWIFT_STANDARD_LIBRARIES = YES;
				BUNDLE_LOADER = "$(TEST_HOST)";
				CODE_SIGN_STYLE = Automatic;
				DEVELOPMENT_TEAM = M2J62ZG4LT;
				INFOPLIST_FILE = flixterTests/Info.plist;
				IPHONEOS_DEPLOYMENT_TARGET = 14.4;
				LD_RUNPATH_SEARCH_PATHS = (
					"$(inherited)",
					"@executable_path/Frameworks",
					"@loader_path/Frameworks",
				);
				PRODUCT_BUNDLE_IDENTIFIER = dev.chrimena.flixterTests;
				PRODUCT_NAME = "$(TARGET_NAME)";
				SWIFT_VERSION = 5.0;
				TARGETED_DEVICE_FAMILY = "1,2";
				TEST_HOST = "$(BUILT_PRODUCTS_DIR)/flixter.app/flixter";
			};
			name = Debug;
		};
		C1C11C8325D7485A00B6B034 /* Release */ = {
			isa = XCBuildConfiguration;
			baseConfigurationReference = FDBE7AF4A5FDD03DA7873A65 /* Pods-flixterTests.release.xcconfig */;
			buildSettings = {
				ALWAYS_EMBED_SWIFT_STANDARD_LIBRARIES = YES;
				BUNDLE_LOADER = "$(TEST_HOST)";
				CODE_SIGN_STYLE = Automatic;
				DEVELOPMENT_TEAM = M2J62ZG4LT;
				INFOPLIST_FILE = flixterTests/Info.plist;
				IPHONEOS_DEPLOYMENT_TARGET = 14.4;
				LD_RUNPATH_SEARCH_PATHS = (
					"$(inherited)",
					"@executable_path/Frameworks",
					"@loader_path/Frameworks",
				);
				PRODUCT_BUNDLE_IDENTIFIER = dev.chrimena.flixterTests;
				PRODUCT_NAME = "$(TARGET_NAME)";
				SWIFT_VERSION = 5.0;
				TARGETED_DEVICE_FAMILY = "1,2";
				TEST_HOST = "$(BUILT_PRODUCTS_DIR)/flixter.app/flixter";
			};
			name = Release;
		};
		C1C11C8525D7485A00B6B034 /* Debug */ = {
			isa = XCBuildConfiguration;
			baseConfigurationReference = 7988EE50A22C5932271751A4 /* Pods-flixter-flixterUITests.debug.xcconfig */;
			buildSettings = {
				ALWAYS_EMBED_SWIFT_STANDARD_LIBRARIES = YES;
				CODE_SIGN_STYLE = Automatic;
				DEVELOPMENT_TEAM = M2J62ZG4LT;
				INFOPLIST_FILE = flixterUITests/Info.plist;
				LD_RUNPATH_SEARCH_PATHS = (
					"$(inherited)",
					"@executable_path/Frameworks",
					"@loader_path/Frameworks",
				);
				PRODUCT_BUNDLE_IDENTIFIER = dev.chrimena.flixterUITests;
				PRODUCT_NAME = "$(TARGET_NAME)";
				SWIFT_VERSION = 5.0;
				TARGETED_DEVICE_FAMILY = "1,2";
				TEST_TARGET_NAME = flixter;
			};
			name = Debug;
		};
		C1C11C8625D7485A00B6B034 /* Release */ = {
			isa = XCBuildConfiguration;
			baseConfigurationReference = B3B05BAE7134F9D060F4BB47 /* Pods-flixter-flixterUITests.release.xcconfig */;
			buildSettings = {
				ALWAYS_EMBED_SWIFT_STANDARD_LIBRARIES = YES;
				CODE_SIGN_STYLE = Automatic;
				DEVELOPMENT_TEAM = M2J62ZG4LT;
				INFOPLIST_FILE = flixterUITests/Info.plist;
				LD_RUNPATH_SEARCH_PATHS = (
					"$(inherited)",
					"@executable_path/Frameworks",
					"@loader_path/Frameworks",
				);
				PRODUCT_BUNDLE_IDENTIFIER = dev.chrimena.flixterUITests;
				PRODUCT_NAME = "$(TARGET_NAME)";
				SWIFT_VERSION = 5.0;
				TARGETED_DEVICE_FAMILY = "1,2";
				TEST_TARGET_NAME = flixter;
			};
			name = Release;
		};
/* End XCBuildConfiguration section */

/* Begin XCConfigurationList section */
		C1C11C4F25D7485A00B6B034 /* Build configuration list for PBXProject "flixter" */ = {
			isa = XCConfigurationList;
			buildConfigurations = (
				C1C11C7C25D7485A00B6B034 /* Debug */,
				C1C11C7D25D7485A00B6B034 /* Release */,
			);
			defaultConfigurationIsVisible = 0;
			defaultConfigurationName = Release;
		};
		C1C11C7E25D7485A00B6B034 /* Build configuration list for PBXNativeTarget "flixter" */ = {
			isa = XCConfigurationList;
			buildConfigurations = (
				C1C11C7F25D7485A00B6B034 /* Debug */,
				C1C11C8025D7485A00B6B034 /* Release */,
			);
			defaultConfigurationIsVisible = 0;
			defaultConfigurationName = Release;
		};
		C1C11C8125D7485A00B6B034 /* Build configuration list for PBXNativeTarget "flixterTests" */ = {
			isa = XCConfigurationList;
			buildConfigurations = (
				C1C11C8225D7485A00B6B034 /* Debug */,
				C1C11C8325D7485A00B6B034 /* Release */,
			);
			defaultConfigurationIsVisible = 0;
			defaultConfigurationName = Release;
		};
		C1C11C8425D7485A00B6B034 /* Build configuration list for PBXNativeTarget "flixterUITests" */ = {
			isa = XCConfigurationList;
			buildConfigurations = (
				C1C11C8525D7485A00B6B034 /* Debug */,
				C1C11C8625D7485A00B6B034 /* Release */,
			);
			defaultConfigurationIsVisible = 0;
			defaultConfigurationName = Release;
		};
/* End XCConfigurationList section */
	};
	rootObject = C1C11C4C25D7485A00B6B034 /* Project object */;
}
